dependencies:
- name: bssc-ifd
  repository: http://artifactory-espoo-fnms.int.net.nokia.com:8081/artifactory/altiplano_helm_virtual
  version: 13.0.1-nokia-patch-18
- name: bssc-ifd
  repository: http://artifactory-espoo-fnms.int.net.nokia.com:8081/artifactory/altiplano_helm_virtual
  version: 13.0.1-nokia-patch-18
- name: bssc-ifd
  repository: http://artifactory-espoo-fnms.int.net.nokia.com:8081/artifactory/altiplano_helm_virtual
  version: 13.0.1-nokia-patch-18
- name: altiplano-opentsdb-cluster
  repository: http://127.0.0.1:30879
  version: 24.6.1-REL-0256
- name: cmdb
  repository: http://artifactory-espoo-fnms.int.net.nokia.com:8081/artifactory/altiplano_helm_virtual
  version: 9.2.1-nokia-patch-1
- name: ckaf-kafka
  repository: http://artifactory-espoo-fnms.int.net.nokia.com:8081/artifactory/altiplano_helm_virtual
  version: 8.0.2-nokia-patch-3
- name: altiplano-webdav
  repository: http://127.0.0.1:30879
  version: 24.6.1-REL-0256
- name: cpro
  repository: http://artifactory-espoo-fnms.int.net.nokia.com:8081/artifactory/altiplano_helm_virtual
  version: 5.0.1-nokia-patch-3
- name: crdb-redisio
  repository: http://artifactory-espoo-fnms.int.net.nokia.com:8081/artifactory/altiplano_helm_virtual
  version: 9.0.3-nokia-patch-1
- name: citm-ingress
  repository: http://artifactory-espoo-fnms.int.net.nokia.com:8081/artifactory/altiplano_helm_virtual
  version: 3.0.1-nokia-patch-2
- name: ckaf-mirror-maker
  repository: http://artifactory-espoo-fnms.int.net.nokia.com:8081/artifactory/altiplano_helm_virtual
  version: 5.1.0-nokia-patch-8
- name: altiplano-oauth2-proxy
  repository: http://127.0.0.1:30879
  version: 24.6.1-REL-0256
- name: altiplano-oauth2-proxy
  repository: http://127.0.0.1:30879
  version: 24.6.1-REL-0256
- name: altiplano-nspos-rabbitmq
  repository: http://127.0.0.1:30879
  version: 24.6.1-REL-0256
- name: cpro-grafana
  repository: http://artifactory-espoo-fnms.int.net.nokia.com:8081/artifactory/altiplano_helm_virtual
  version: 7.0.4-nokia-patch-4
- name: cbur
  repository: http://artifactory-espoo-fnms.int.net.nokia.com:8081/artifactory/altiplano_helm_virtual
  version: 1.17.0-nokia-patch-5
- name: altiplano-backup-restore-helper
  repository: http://127.0.0.1:30879
  version: 24.6.1-REL-0256
- name: ckey
  repository: http://artifactory-espoo-fnms.int.net.nokia.com:8081/artifactory/altiplano_helm_virtual
  version: 12.2.0-nokia-patch-3
- name: altiplano-diag
  repository: http://127.0.0.1:30879
  version: 24.6.1-REL-0256
- name: ckaf-ksql
  repository: http://artifactory-espoo-fnms.int.net.nokia.com:8081/artifactory/altiplano_helm_virtual
  version: 8.1.0-nokia-patch-2
- name: altiplano-long-retention-opentsdb
  repository: http://127.0.0.1:30879
  version: 24.6.1-REL-0256
digest: sha256:39c24e82fc78b2bdb9c1f56ce037041fe0986e8cd492bd67c0a667b1c126f8ce
generated: "2024-10-10T12:20:48.027947907+05:30"
